// !$*UTF8*$!
{
	archiveVersion = 1;
	classes = {
	};
	objectVersion = 77;
	objects = {

/* Begin PBXBuildFile section */
		719CE4002CE3F61C00BCC585 /* AppDelegate.swift in Sources */ = {isa = PBXBuildFile; fileRef = 719CE3F52CE3F61C00BCC585 /* AppDelegate.swift */; };
		719CE4012CE3F61C00BCC585 /* Bootcamp.swift in Sources */ = {isa = PBXBuildFile; fileRef = 719CE3F72CE3F61C00BCC585 /* Bootcamp.swift */; };
		719CE4022CE3F61C00BCC585 /* SceneDelegate.swift in Sources */ = {isa = PBXBuildFile; fileRef = 719CE3FD2CE3F61C00BCC585 /* SceneDelegate.swift */; };
		719CE4032CE3F61C00BCC585 /* ViewController.swift in Sources */ = {isa = PBXBuildFile; fileRef = 719CE3FE2CE3F61C00BCC585 /* ViewController.swift */; };
		719CE4042CE3F61C00BCC585 /* Assets.xcassets in Resources */ = {isa = PBXBuildFile; fileRef = 719CE3F62CE3F61C00BCC585 /* Assets.xcassets */; };
		719CE4062CE3F61C00BCC585 /* LaunchScreen.storyboard in Resources */ = {isa = PBXBuildFile; fileRef = 719CE3FA2CE3F61C00BCC585 /* LaunchScreen.storyboard */; };
		719CE4072CE3F61C00BCC585 /* Main.storyboard in Resources */ = {isa = PBXBuildFile; fileRef = 719CE3FC2CE3F61C00BCC585 /* Main.storyboard */; };
		719CE40B2CE3F74000BCC585 /* BootcampsViewModel.swift in Sources */ = {isa = PBXBuildFile; fileRef = 719CE40A2CE3F74000BCC585 /* BootcampsViewModel.swift */; };
/* End PBXBuildFile section */

/* Begin PBXFileReference section */
		71242E6A2CE3F3F2004CC69B /* BootcampsCombine.app */ = {isa = PBXFileReference; explicitFileType = wrapper.application; includeInIndex = 0; path = BootcampsCombine.app; sourceTree = BUILT_PRODUCTS_DIR; };
		719CE3F52CE3F61C00BCC585 /* AppDelegate.swift */ = {isa = PBXFileReference; lastKnownFileType = sourcecode.swift; path = AppDelegate.swift; sourceTree = "<group>"; };
		719CE3F62CE3F61C00BCC585 /* Assets.xcassets */ = {isa = PBXFileReference; lastKnownFileType = folder.assetcatalog; path = Assets.xcassets; sourceTree = "<group>"; };
		719CE3F72CE3F61C00BCC585 /* Bootcamp.swift */ = {isa = PBXFileReference; lastKnownFileType = sourcecode.swift; path = Bootcamp.swift; sourceTree = "<group>"; };
		719CE3F82CE3F61C00BCC585 /* Info.plist */ = {isa = PBXFileReference; lastKnownFileType = text.plist.xml; path = Info.plist; sourceTree = "<group>"; };
		719CE3F92CE3F61C00BCC585 /* Base */ = {isa = PBXFileReference; lastKnownFileType = file.storyboard; name = Base; path = Base.lproj/LaunchScreen.storyboard; sourceTree = "<group>"; };
		719CE3FB2CE3F61C00BCC585 /* Base */ = {isa = PBXFileReference; lastKnownFileType = file.storyboard; name = Base; path = Base.lproj/Main.storyboard; sourceTree = "<group>"; };
		719CE3FD2CE3F61C00BCC585 /* SceneDelegate.swift */ = {isa = PBXFileReference; lastKnownFileType = sourcecode.swift; path = SceneDelegate.swift; sourceTree = "<group>"; };
		719CE3FE2CE3F61C00BCC585 /* ViewController.swift */ = {isa = PBXFileReference; lastKnownFileType = sourcecode.swift; path = ViewController.swift; sourceTree = "<group>"; };
		719CE40A2CE3F74000BCC585 /* BootcampsViewModel.swift */ = {isa = PBXFileReference; lastKnownFileType = sourcecode.swift; path = BootcampsViewModel.swift; sourceTree = "<group>"; };
/* End PBXFileReference section */

/* Begin PBXFrameworksBuildPhase section */
		71242E672CE3F3F2004CC69B /* Frameworks */ = {
			isa = PBXFrameworksBuildPhase;
			buildActionMask = 2147483647;
			files = (
			);
			runOnlyForDeploymentPostprocessing = 0;
		};
/* End PBXFrameworksBuildPhase section */

/* Begin PBXGroup section */
		667E405C2CE4FDDB001E2E7D /* Domain */ = {
			isa = PBXGroup;
			children = (
				719CE4082CE3F62300BCC585 /* Models */,
			);
			path = Domain;
			sourceTree = "<group>";
		};
		71242E612CE3F3F2004CC69B = {
			isa = PBXGroup;
			children = (
				719CE3FF2CE3F61C00BCC585 /* BootcampsCombine */,
				71242E6B2CE3F3F2004CC69B /* Products */,
			);
			sourceTree = "<group>";
		};
		71242E6B2CE3F3F2004CC69B /* Products */ = {
			isa = PBXGroup;
			children = (
				71242E6A2CE3F3F2004CC69B /* BootcampsCombine.app */,
			);
			name = Products;
			sourceTree = "<group>";
		};
		719CE3FF2CE3F61C00BCC585 /* BootcampsCombine */ = {
			isa = PBXGroup;
			children = (
				667E405C2CE4FDDB001E2E7D /* Domain */,
				719CE4092CE3F6BE00BCC585 /* ViewModel */,
				719CE3F52CE3F61C00BCC585 /* AppDelegate.swift */,
				719CE3F62CE3F61C00BCC585 /* Assets.xcassets */,
				719CE3F82CE3F61C00BCC585 /* Info.plist */,
				719CE3FA2CE3F61C00BCC585 /* LaunchScreen.storyboard */,
				719CE3FC2CE3F61C00BCC585 /* Main.storyboard */,
				719CE3FD2CE3F61C00BCC585 /* SceneDelegate.swift */,
				719CE3FE2CE3F61C00BCC585 /* ViewController.swift */,
			);
			path = BootcampsCombine;
			sourceTree = "<group>";
		};
		719CE4082CE3F62300BCC585 /* Models */ = {
			isa = PBXGroup;
			children = (
				719CE3F72CE3F61C00BCC585 /* Bootcamp.swift */,
			);
			name = Models;
			sourceTree = "<group>";
		};
		719CE4092CE3F6BE00BCC585 /* ViewModel */ = {
			isa = PBXGroup;
			children = (
				719CE40A2CE3F74000BCC585 /* BootcampsViewModel.swift */,
			);
			path = ViewModel;
			sourceTree = "<group>";
		};
/* End PBXGroup section */

/* Begin PBXNativeTarget section */
		71242E692CE3F3F2004CC69B /* BootcampsCombine */ = {
			isa = PBXNativeTarget;
			buildConfigurationList = 71242E7D2CE3F3F4004CC69B /* Build configuration list for PBXNativeTarget "BootcampsCombine" */;
			buildPhases = (
				71242E662CE3F3F2004CC69B /* Sources */,
				71242E672CE3F3F2004CC69B /* Frameworks */,
				71242E682CE3F3F2004CC69B /* Resources */,
			);
			buildRules = (
			);
			dependencies = (
			);
			name = BootcampsCombine;
			packageProductDependencies = (
			);
			productName = BootcampsCombine;
			productReference = 71242E6A2CE3F3F2004CC69B /* BootcampsCombine.app */;
			productType = "com.apple.product-type.application";
		};
/* End PBXNativeTarget section */

/* Begin PBXProject section */
		71242E622CE3F3F2004CC69B /* Project object */ = {
			isa = PBXProject;
			attributes = {
				BuildIndependentTargetsInParallel = 1;
				LastSwiftUpdateCheck = 1610;
				LastUpgradeCheck = 1610;
				TargetAttributes = {
					71242E692CE3F3F2004CC69B = {
						CreatedOnToolsVersion = 16.1;
					};
				};
			};
			buildConfigurationList = 71242E652CE3F3F2004CC69B /* Build configuration list for PBXProject "BootcampsCombine" */;
			developmentRegion = en;
			hasScannedForEncodings = 0;
			knownRegions = (
				en,
				Base,
			);
			mainGroup = 71242E612CE3F3F2004CC69B;
			minimizedProjectReferenceProxies = 1;
			preferredProjectObjectVersion = 77;
			productRefGroup = 71242E6B2CE3F3F2004CC69B /* Products */;
			projectDirPath = "";
			projectRoot = "";
			targets = (
				71242E692CE3F3F2004CC69B /* BootcampsCombine */,
			);
		};
/* End PBXProject section */

/* Begin PBXResourcesBuildPhase section */
		71242E682CE3F3F2004CC69B /* Resources */ = {
			isa = PBXResourcesBuildPhase;
			buildActionMask = 2147483647;
			files = (
				719CE4042CE3F61C00BCC585 /* Assets.xcassets in Resources */,
				719CE4062CE3F61C00BCC585 /* LaunchScreen.storyboard in Resources */,
				719CE4072CE3F61C00BCC585 /* Main.storyboard in Resources */,
			);
			runOnlyForDeploymentPostprocessing = 0;
		};
/* End PBXResourcesBuildPhase section */

/* Begin PBXSourcesBuildPhase section */
		71242E662CE3F3F2004CC69B /* Sources */ = {
			isa = PBXSourcesBuildPhase;
			buildActionMask = 2147483647;
			files = (
				719CE4002CE3F61C00BCC585 /* AppDelegate.swift in Sources */,
				719CE4012CE3F61C00BCC585 /* Bootcamp.swift in Sources */,
				719CE4022CE3F61C00BCC585 /* SceneDelegate.swift in Sources */,
				719CE40B2CE3F74000BCC585 /* BootcampsViewModel.swift in Sources */,
				719CE4032CE3F61C00BCC585 /* ViewController.swift in Sources */,
			);
			runOnlyForDeploymentPostprocessing = 0;
		};
/* End PBXSourcesBuildPhase section */

/* Begin PBXVariantGroup section */
		719CE3FA2CE3F61C00BCC585 /* LaunchScreen.storyboard */ = {
			isa = PBXVariantGroup;
			children = (
				719CE3F92CE3F61C00BCC585 /* Base */,
			);
			name = LaunchScreen.storyboard;
			sourceTree = "<group>";
		};
		719CE3FC2CE3F61C00BCC585 /* Main.storyboard */ = {
			isa = PBXVariantGroup;
			children = (
				719CE3FB2CE3F61C00BCC585 /* Base */,
			);
			name = Main.storyboard;
			sourceTree = "<group>";
		};
/* End PBXVariantGroup section */

/* Begin XCBuildConfiguration section */
		71242E7E2CE3F3F4004CC69B /* Debug */ = {
			isa = XCBuildConfiguration;
			buildSettings = {
				ASSETCATALOG_COMPILER_APPICON_NAME = AppIcon;
				ASSETCATALOG_COMPILER_GLOBAL_ACCENT_COLOR_NAME = AccentColor;
				CODE_SIGN_STYLE = Automatic;
				CURRENT_PROJECT_VERSION = 1;
				GENERATE_INFOPLIST_FILE = YES;
				INFOPLIST_FILE = BootcampsCombine/Info.plist;
				INFOPLIST_KEY_UIApplicationSupportsIndirectInputEvents = YES;
				INFOPLIST_KEY_UILaunchStoryboardName = LaunchScreen;
				INFOPLIST_KEY_UIMainStoryboardFile = Main;
				INFOPLIST_KEY_UISupportedInterfaceOrientations_iPad = "UIInterfaceOrientationPortrait UIInterfaceOrientationPortraitUpsideDown UIInterfaceOrientationLandscapeLeft UIInterfaceOrientationLandscapeRight";
				INFOPLIST_KEY_UISupportedInterfaceOrientations_iPhone = "UIInterfaceOrientationPortrait UIInterfaceOrientationLandscapeLeft UIInterfaceOrientationLandscapeRight";
				LD_RUNPATH_SEARCH_PATHS = (
					"$(inherited)",
					"@executable_path/Frameworks",
				);
				MARKETING_VERSION = 1.0;
				PRODUCT_BUNDLE_IDENTIFIER = com.keepcoding.BootcampsCombine;
				PRODUCT_NAME = "$(TARGET_NAME)";
				SWIFT_EMIT_LOC_STRINGS = YES;
				SWIFT_VERSION = 5.0;
				TARGETED_DEVICE_FAMILY = "1,2";
			};
			name = Debug;
		};
		71242E7F2CE3F3F4004CC69B /* Release */ = {
			isa = XCBuildConfiguration;
			buildSettings = {
				ASSETCATALOG_COMPILER_APPICON_NAME = AppIcon;
				ASSETCATALOG_COMPILER_GLOBAL_ACCENT_COLOR_NAME = AccentColor;
				CODE_SIGN_STYLE = Automatic;
				CURRENT_PROJECT_VERSION = 1;
				GENERATE_INFOPLIST_FILE = YES;
				INFOPLIST_FILE = BootcampsCombine/Info.plist;
				INFOPLIST_KEY_UIApplicationSupportsIndirectInputEvents = YES;
				INFOPLIST_KEY_UILaunchStoryboardName = LaunchScreen;
				INFOPLIST_KEY_UIMainStoryboardFile = Main;
				INFOPLIST_KEY_UISupportedInterfaceOrientations_iPad = "UIInterfaceOrientationPortrait UIInterfaceOrientationPortraitUpsideDown UIInterfaceOrientationLandscapeLeft UIInterfaceOrientationLandscapeRight";
				INFOPLIST_KEY_UISupportedInterfaceOrientations_iPhone = "UIInterfaceOrientationPortrait UIInterfaceOrientationLandscapeLeft UIInterfaceOrientationLandscapeRight";
				LD_RUNPATH_SEARCH_PATHS = (
					"$(inherited)",
					"@executable_path/Frameworks",
				);
				MARKETING_VERSION = 1.0;
				PRODUCT_BUNDLE_IDENTIFIER = com.keepcoding.BootcampsCombine;
				PRODUCT_NAME = "$(TARGET_NAME)";
				SWIFT_EMIT_LOC_STRINGS = YES;
				SWIFT_VERSION = 5.0;
				TARGETED_DEVICE_FAMILY = "1,2";
			};
			name = Release;
		};
		71242E802CE3F3F4004CC69B /* Debug */ = {
			isa = XCBuildConfiguration;
			buildSettings = {
				ALWAYS_SEARCH_USER_PATHS = NO;
				ASSETCATALOG_COMPILER_GENERATE_SWIFT_ASSET_SYMBOL_EXTENSIONS = YES;
				CLANG_ANALYZER_NONNULL = YES;
				CLANG_ANALYZER_NUMBER_OBJECT_CONVERSION = YES_AGGRESSIVE;
				CLANG_CXX_LANGUAGE_STANDARD = "gnu++20";
				CLANG_ENABLE_MODULES = YES;
				CLANG_ENABLE_OBJC_ARC = YES;
				CLANG_ENABLE_OBJC_WEAK = YES;
				CLANG_WARN_BLOCK_CAPTURE_AUTORELEASING = YES;
				CLANG_WARN_BOOL_CONVERSION = YES;
				CLANG_WARN_COMMA = YES;
				CLANG_WARN_CONSTANT_CONVERSION = YES;
				CLANG_WARN_DEPRECATED_OBJC_IMPLEMENTATIONS = YES;
				CLANG_WARN_DIRECT_OBJC_ISA_USAGE = YES_ERROR;
				CLANG_WARN_DOCUMENTATION_COMMENTS = YES;
				CLANG_WARN_EMPTY_BODY = YES;
				CLANG_WARN_ENUM_CONVERSION = YES;
				CLANG_WARN_INFINITE_RECURSION = YES;
				CLANG_WARN_INT_CONVERSION = YES;
				CLANG_WARN_NON_LITERAL_NULL_CONVERSION = YES;
				CLANG_WARN_OBJC_IMPLICIT_RETAIN_SELF = YES;
				CLANG_WARN_OBJC_LITERAL_CONVERSION = YES;
				CLANG_WARN_OBJC_ROOT_CLASS = YES_ERROR;
				CLANG_WARN_QUOTED_INCLUDE_IN_FRAMEWORK_HEADER = YES;
				CLANG_WARN_RANGE_LOOP_ANALYSIS = YES;
				CLANG_WARN_STRICT_PROTOTYPES = YES;
				CLANG_WARN_SUSPICIOUS_MOVE = YES;
				CLANG_WARN_UNGUARDED_AVAILABILITY = YES_AGGRESSIVE;
				CLANG_WARN_UNREACHABLE_CODE = YES;
				CLANG_WARN__DUPLICATE_METHOD_MATCH = YES;
				COPY_PHASE_STRIP = NO;
				DEBUG_INFORMATION_FORMAT = dwarf;
				ENABLE_STRICT_OBJC_MSGSEND = YES;
				ENABLE_TESTABILITY = YES;
				ENABLE_USER_SCRIPT_SANDBOXING = YES;
				GCC_C_LANGUAGE_STANDARD = gnu17;
				GCC_DYNAMIC_NO_PIC = NO;
				GCC_NO_COMMON_BLOCKS = YES;
				GCC_OPTIMIZATION_LEVEL = 0;
				GCC_PREPROCESSOR_DEFINITIONS = (
					"DEBUG=1",
					"$(inherited)",
				);
				GCC_WARN_64_TO_32_BIT_CONVERSION = YES;
				GCC_WARN_ABOUT_RETURN_TYPE = YES_ERROR;
				GCC_WARN_UNDECLARED_SELECTOR = YES;
				GCC_WARN_UNINITIALIZED_AUTOS = YES_AGGRESSIVE;
				GCC_WARN_UNUSED_FUNCTION = YES;
				GCC_WARN_UNUSED_VARIABLE = YES;
				IPHONEOS_DEPLOYMENT_TARGET = 18.1;
				LOCALIZATION_PREFERS_STRING_CATALOGS = YES;
				MTL_ENABLE_DEBUG_INFO = INCLUDE_SOURCE;
				MTL_FAST_MATH = YES;
				ONLY_ACTIVE_ARCH = YES;
				SDKROOT = iphoneos;
				SWIFT_ACTIVE_COMPILATION_CONDITIONS = "DEBUG $(inherited)";
				SWIFT_OPTIMIZATION_LEVEL = "-Onone";
			};
			name = Debug;
		};
		71242E812CE3F3F4004CC69B /* Release */ = {
			isa = XCBuildConfiguration;
			buildSettings = {
				ALWAYS_SEARCH_USER_PATHS = NO;
				ASSETCATALOG_COMPILER_GENERATE_SWIFT_ASSET_SYMBOL_EXTENSIONS = YES;
				CLANG_ANALYZER_NONNULL = YES;
				CLANG_ANALYZER_NUMBER_OBJECT_CONVERSION = YES_AGGRESSIVE;
				CLANG_CXX_LANGUAGE_STANDARD = "gnu++20";
				CLANG_ENABLE_MODULES = YES;
				CLANG_ENABLE_OBJC_ARC = YES;
				CLANG_ENABLE_OBJC_WEAK = YES;
				CLANG_WARN_BLOCK_CAPTURE_AUTORELEASING = YES;
				CLANG_WARN_BOOL_CONVERSION = YES;
				CLANG_WARN_COMMA = YES;
				CLANG_WARN_CONSTANT_CONVERSION = YES;
				CLANG_WARN_DEPRECATED_OBJC_IMPLEMENTATIONS = YES;
				CLANG_WARN_DIRECT_OBJC_ISA_USAGE = YES_ERROR;
				CLANG_WARN_DOCUMENTATION_COMMENTS = YES;
				CLANG_WARN_EMPTY_BODY = YES;
				CLANG_WARN_ENUM_CONVERSION = YES;
				CLANG_WARN_INFINITE_RECURSION = YES;
				CLANG_WARN_INT_CONVERSION = YES;
				CLANG_WARN_NON_LITERAL_NULL_CONVERSION = YES;
				CLANG_WARN_OBJC_IMPLICIT_RETAIN_SELF = YES;
				CLANG_WARN_OBJC_LITERAL_CONVERSION = YES;
				CLANG_WARN_OBJC_ROOT_CLASS = YES_ERROR;
				CLANG_WARN_QUOTED_INCLUDE_IN_FRAMEWORK_HEADER = YES;
				CLANG_WARN_RANGE_LOOP_ANALYSIS = YES;
				CLANG_WARN_STRICT_PROTOTYPES = YES;
				CLANG_WARN_SUSPICIOUS_MOVE = YES;
				CLANG_WARN_UNGUARDED_AVAILABILITY = YES_AGGRESSIVE;
				CLANG_WARN_UNREACHABLE_CODE = YES;
				CLANG_WARN__DUPLICATE_METHOD_MATCH = YES;
				COPY_PHASE_STRIP = NO;
				DEBUG_INFORMATION_FORMAT = "dwarf-with-dsym";
				ENABLE_NS_ASSERTIONS = NO;
				ENABLE_STRICT_OBJC_MSGSEND = YES;
				ENABLE_USER_SCRIPT_SANDBOXING = YES;
				GCC_C_LANGUAGE_STANDARD = gnu17;
				GCC_NO_COMMON_BLOCKS = YES;
				GCC_WARN_64_TO_32_BIT_CONVERSION = YES;
				GCC_WARN_ABOUT_RETURN_TYPE = YES_ERROR;
				GCC_WARN_UNDECLARED_SELECTOR = YES;
				GCC_WARN_UNINITIALIZED_AUTOS = YES_AGGRESSIVE;
				GCC_WARN_UNUSED_FUNCTION = YES;
				GCC_WARN_UNUSED_VARIABLE = YES;
				IPHONEOS_DEPLOYMENT_TARGET = 18.1;
				LOCALIZATION_PREFERS_STRING_CATALOGS = YES;
				MTL_ENABLE_DEBUG_INFO = NO;
				MTL_FAST_MATH = YES;
				SDKROOT = iphoneos;
				SWIFT_COMPILATION_MODE = wholemodule;
				VALIDATE_PRODUCT = YES;
			};
			name = Release;
		};
/* End XCBuildConfiguration section */

/* Begin XCConfigurationList section */
		71242E652CE3F3F2004CC69B /* Build configuration list for PBXProject "BootcampsCombine" */ = {
			isa = XCConfigurationList;
			buildConfigurations = (
				71242E802CE3F3F4004CC69B /* Debug */,
				71242E812CE3F3F4004CC69B /* Release */,
			);
			defaultConfigurationIsVisible = 0;
			defaultConfigurationName = Release;
		};
		71242E7D2CE3F3F4004CC69B /* Build configuration list for PBXNativeTarget "BootcampsCombine" */ = {
			isa = XCConfigurationList;
			buildConfigurations = (
				71242E7E2CE3F3F4004CC69B /* Debug */,
				71242E7F2CE3F3F4004CC69B /* Release */,
			);
			defaultConfigurationIsVisible = 0;
			defaultConfigurationName = Release;
		};
/* End XCConfigurationList section */
	};
	rootObject = 71242E622CE3F3F2004CC69B /* Project object */;
}
